// !$*UTF8*$!
{
	archiveVersion = 1;
	classes = {
	};
	objectVersion = 46;
	objects = {

/* Begin PBXBuildFile section */
		EA7BCBB019C68D9A00854AB1 /* AppDelegate.swift in Sources */ = {isa = PBXBuildFile; fileRef = EA7BCBAF19C68D9A00854AB1 /* AppDelegate.swift */; };
		EA7BCBB219C68D9A00854AB1 /* ViewController.swift in Sources */ = {isa = PBXBuildFile; fileRef = EA7BCBB119C68D9A00854AB1 /* ViewController.swift */; };
		EA7BCBB519C68D9A00854AB1 /* Main.storyboard in Resources */ = {isa = PBXBuildFile; fileRef = EA7BCBB319C68D9A00854AB1 /* Main.storyboard */; };
		EA7BCBB719C68D9A00854AB1 /* Images.xcassets in Resources */ = {isa = PBXBuildFile; fileRef = EA7BCBB619C68D9A00854AB1 /* Images.xcassets */; };
		EA7BCBBA19C68D9A00854AB1 /* LaunchScreen.xib in Resources */ = {isa = PBXBuildFile; fileRef = EA7BCBB819C68D9A00854AB1 /* LaunchScreen.xib */; };
		EA7BCBC619C68D9B00854AB1 /* ContactsTests.swift in Sources */ = {isa = PBXBuildFile; fileRef = EA7BCBC519C68D9B00854AB1 /* ContactsTests.swift */; };
/* End PBXBuildFile section */

/* Begin PBXContainerItemProxy section */
		EA7BCBC019C68D9B00854AB1 /* PBXContainerItemProxy */ = {
			isa = PBXContainerItemProxy;
			containerPortal = EA7BCBA219C68D9A00854AB1 /* Project object */;
			proxyType = 1;
			remoteGlobalIDString = EA7BCBA919C68D9A00854AB1;
			remoteInfo = Contacts;
		};
/* End PBXContainerItemProxy section */

/* Begin PBXFileReference section */
		EA7BCBAA19C68D9A00854AB1 /* Contacts.app */ = {isa = PBXFileReference; explicitFileType = wrapper.application; includeInIndex = 0; path = Contacts.app; sourceTree = BUILT_PRODUCTS_DIR; };
		EA7BCBAE19C68D9A00854AB1 /* Info.plist */ = {isa = PBXFileReference; lastKnownFileType = text.plist.xml; path = Info.plist; sourceTree = "<group>"; };
		EA7BCBAF19C68D9A00854AB1 /* AppDelegate.swift */ = {isa = PBXFileReference; lastKnownFileType = sourcecode.swift; path = AppDelegate.swift; sourceTree = "<group>"; };
		EA7BCBB119C68D9A00854AB1 /* ViewController.swift */ = {isa = PBXFileReference; lastKnownFileType = sourcecode.swift; path = ViewController.swift; sourceTree = "<group>"; };
		EA7BCBB419C68D9A00854AB1 /* Base */ = {isa = PBXFileReference; lastKnownFileType = file.storyboard; name = Base; path = Base.lproj/Main.storyboard; sourceTree = "<group>"; };
		EA7BCBB619C68D9A00854AB1 /* Images.xcassets */ = {isa = PBXFileReference; lastKnownFileType = folder.assetcatalog; path = Images.xcassets; sourceTree = "<group>"; };
		EA7BCBB919C68D9A00854AB1 /* Base */ = {isa = PBXFileReference; lastKnownFileType = file.xib; name = Base; path = Base.lproj/LaunchScreen.xib; sourceTree = "<group>"; };
		EA7BCBBF19C68D9B00854AB1 /* ContactsTests.xctest */ = {isa = PBXFileReference; explicitFileType = wrapper.cfbundle; includeInIndex = 0; path = ContactsTests.xctest; sourceTree = BUILT_PRODUCTS_DIR; };
		EA7BCBC419C68D9B00854AB1 /* Info.plist */ = {isa = PBXFileReference; lastKnownFileType = text.plist.xml; path = Info.plist; sourceTree = "<group>"; };
		EA7BCBC519C68D9B00854AB1 /* ContactsTests.swift */ = {isa = PBXFileReference; lastKnownFileType = sourcecode.swift; path = ContactsTests.swift; sourceTree = "<group>"; };
/* End PBXFileReference section */

/* Begin PBXFrameworksBuildPhase section */
		EA7BCBA719C68D9A00854AB1 /* Frameworks */ = {
			isa = PBXFrameworksBuildPhase;
			buildActionMask = 2147483647;
			files = (
			);
			runOnlyForDeploymentPostprocessing = 0;
		};
		EA7BCBBC19C68D9B00854AB1 /* Frameworks */ = {
			isa = PBXFrameworksBuildPhase;
			buildActionMask = 2147483647;
			files = (
			);
			runOnlyForDeploymentPostprocessing = 0;
		};
/* End PBXFrameworksBuildPhase section */

/* Begin PBXGroup section */
		EA7BCBA119C68D9A00854AB1 = {
			isa = PBXGroup;
			children = (
				EA7BCBAC19C68D9A00854AB1 /* Contacts */,
				EA7BCBC219C68D9B00854AB1 /* ContactsTests */,
				EA7BCBAB19C68D9A00854AB1 /* Products */,
			);
			sourceTree = "<group>";
		};
		EA7BCBAB19C68D9A00854AB1 /* Products */ = {
			isa = PBXGroup;
			children = (
				EA7BCBAA19C68D9A00854AB1 /* Contacts.app */,
				EA7BCBBF19C68D9B00854AB1 /* ContactsTests.xctest */,
			);
			name = Products;
			sourceTree = "<group>";
		};
		EA7BCBAC19C68D9A00854AB1 /* Contacts */ = {
			isa = PBXGroup;
			children = (
				EA7BCBAF19C68D9A00854AB1 /* AppDelegate.swift */,
				EA7BCBB119C68D9A00854AB1 /* ViewController.swift */,
				EA7BCBB319C68D9A00854AB1 /* Main.storyboard */,
				EA7BCBB619C68D9A00854AB1 /* Images.xcassets */,
				EA7BCBB819C68D9A00854AB1 /* LaunchScreen.xib */,
				EA7BCBAD19C68D9A00854AB1 /* Supporting Files */,
			);
			path = Contacts;
			sourceTree = "<group>";
		};
		EA7BCBAD19C68D9A00854AB1 /* Supporting Files */ = {
			isa = PBXGroup;
			children = (
				EA7BCBAE19C68D9A00854AB1 /* Info.plist */,
			);
			name = "Supporting Files";
			sourceTree = "<group>";
		};
		EA7BCBC219C68D9B00854AB1 /* ContactsTests */ = {
			isa = PBXGroup;
			children = (
				EA7BCBC519C68D9B00854AB1 /* ContactsTests.swift */,
				EA7BCBC319C68D9B00854AB1 /* Supporting Files */,
			);
			path = ContactsTests;
			sourceTree = "<group>";
		};
		EA7BCBC319C68D9B00854AB1 /* Supporting Files */ = {
			isa = PBXGroup;
			children = (
				EA7BCBC419C68D9B00854AB1 /* Info.plist */,
			);
			name = "Supporting Files";
			sourceTree = "<group>";
		};
/* End PBXGroup section */

/* Begin PBXNativeTarget section */
		EA7BCBA919C68D9A00854AB1 /* Contacts */ = {
			isa = PBXNativeTarget;
			buildConfigurationList = EA7BCBC919C68D9B00854AB1 /* Build configuration list for PBXNativeTarget "Contacts" */;
			buildPhases = (
				EA7BCBA619C68D9A00854AB1 /* Sources */,
				EA7BCBA719C68D9A00854AB1 /* Frameworks */,
				EA7BCBA819C68D9A00854AB1 /* Resources */,
			);
			buildRules = (
			);
			dependencies = (
			);
			name = Contacts;
			productName = Contacts;
			productReference = EA7BCBAA19C68D9A00854AB1 /* Contacts.app */;
			productType = "com.apple.product-type.application";
		};
		EA7BCBBE19C68D9B00854AB1 /* ContactsTests */ = {
			isa = PBXNativeTarget;
			buildConfigurationList = EA7BCBCC19C68D9B00854AB1 /* Build configuration list for PBXNativeTarget "ContactsTests" */;
			buildPhases = (
				EA7BCBBB19C68D9B00854AB1 /* Sources */,
				EA7BCBBC19C68D9B00854AB1 /* Frameworks */,
				EA7BCBBD19C68D9B00854AB1 /* Resources */,
			);
			buildRules = (
			);
			dependencies = (
				EA7BCBC119C68D9B00854AB1 /* PBXTargetDependency */,
			);
			name = ContactsTests;
			productName = ContactsTests;
			productReference = EA7BCBBF19C68D9B00854AB1 /* ContactsTests.xctest */;
			productType = "com.apple.product-type.bundle.unit-test";
		};
/* End PBXNativeTarget section */

/* Begin PBXProject section */
		EA7BCBA219C68D9A00854AB1 /* Project object */ = {
			isa = PBXProject;
			attributes = {
				LastUpgradeCheck = 0600;
				ORGANIZATIONNAME = Sajunda;
				TargetAttributes = {
					EA7BCBA919C68D9A00854AB1 = {
						CreatedOnToolsVersion = 6.0;
					};
					EA7BCBBE19C68D9B00854AB1 = {
						CreatedOnToolsVersion = 6.0;
						TestTargetID = EA7BCBA919C68D9A00854AB1;
					};
				};
			};
			buildConfigurationList = EA7BCBA519C68D9A00854AB1 /* Build configuration list for PBXProject "Contacts" */;
			compatibilityVersion = "Xcode 3.2";
			developmentRegion = English;
			hasScannedForEncodings = 0;
			knownRegions = (
				en,
				Base,
			);
			mainGroup = EA7BCBA119C68D9A00854AB1;
			productRefGroup = EA7BCBAB19C68D9A00854AB1 /* Products */;
			projectDirPath = "";
			projectRoot = "";
			targets = (
				EA7BCBA919C68D9A00854AB1 /* Contacts */,
				EA7BCBBE19C68D9B00854AB1 /* ContactsTests */,
			);
		};
/* End PBXProject section */

/* Begin PBXResourcesBuildPhase section */
		EA7BCBA819C68D9A00854AB1 /* Resources */ = {
			isa = PBXResourcesBuildPhase;
			buildActionMask = 2147483647;
			files = (
				EA7BCBB519C68D9A00854AB1 /* Main.storyboard in Resources */,
				EA7BCBBA19C68D9A00854AB1 /* LaunchScreen.xib in Resources */,
				EA7BCBB719C68D9A00854AB1 /* Images.xcassets in Resources */,
			);
			runOnlyForDeploymentPostprocessing = 0;
		};
		EA7BCBBD19C68D9B00854AB1 /* Resources */ = {
			isa = PBXResourcesBuildPhase;
			buildActionMask = 2147483647;
			files = (
			);
			runOnlyForDeploymentPostprocessing = 0;
		};
/* End PBXResourcesBuildPhase section */

/* Begin PBXSourcesBuildPhase section */
		EA7BCBA619C68D9A00854AB1 /* Sources */ = {
			isa = PBXSourcesBuildPhase;
			buildActionMask = 2147483647;
			files = (
				EA7BCBB219C68D9A00854AB1 /* ViewController.swift in Sources */,
				EA7BCBB019C68D9A00854AB1 /* AppDelegate.swift in Sources */,
			);
			runOnlyForDeploymentPostprocessing = 0;
		};
		EA7BCBBB19C68D9B00854AB1 /* Sources */ = {
			isa = PBXSourcesBuildPhase;
			buildActionMask = 2147483647;
			files = (
				EA7BCBC619C68D9B00854AB1 /* ContactsTests.swift in Sources */,
			);
			runOnlyForDeploymentPostprocessing = 0;
		};
/* End PBXSourcesBuildPhase section */

/* Begin PBXTargetDependency section */
		EA7BCBC119C68D9B00854AB1 /* PBXTargetDependency */ = {
			isa = PBXTargetDependency;
			target = EA7BCBA919C68D9A00854AB1 /* Contacts */;
			targetProxy = EA7BCBC019C68D9B00854AB1 /* PBXContainerItemProxy */;
		};
/* End PBXTargetDependency section */

/* Begin PBXVariantGroup section */
		EA7BCBB319C68D9A00854AB1 /* Main.storyboard */ = {
			isa = PBXVariantGroup;
			children = (
				EA7BCBB419C68D9A00854AB1 /* Base */,
			);
			name = Main.storyboard;
			sourceTree = "<group>";
		};
		EA7BCBB819C68D9A00854AB1 /* LaunchScreen.xib */ = {
			isa = PBXVariantGroup;
			children = (
				EA7BCBB919C68D9A00854AB1 /* Base */,
			);
			name = LaunchScreen.xib;
			sourceTree = "<group>";
		};
/* End PBXVariantGroup section */

/* Begin XCBuildConfiguration section */
		EA7BCBC719C68D9B00854AB1 /* Debug */ = {
			isa = XCBuildConfiguration;
			buildSettings = {
				ALWAYS_SEARCH_USER_PATHS = NO;
				CLANG_CXX_LANGUAGE_STANDARD = "gnu++0x";
				CLANG_CXX_LIBRARY = "libc++";
				CLANG_ENABLE_MODULES = YES;
				CLANG_ENABLE_OBJC_ARC = YES;
				CLANG_WARN_BOOL_CONVERSION = YES;
				CLANG_WARN_CONSTANT_CONVERSION = YES;
				CLANG_WARN_DIRECT_OBJC_ISA_USAGE = YES_ERROR;
				CLANG_WARN_EMPTY_BODY = YES;
				CLANG_WARN_ENUM_CONVERSION = YES;
				CLANG_WARN_INT_CONVERSION = YES;
				CLANG_WARN_OBJC_ROOT_CLASS = YES_ERROR;
				CLANG_WARN_UNREACHABLE_CODE = YES;
				CLANG_WARN__DUPLICATE_METHOD_MATCH = YES;
				"CODE_SIGN_IDENTITY[sdk=iphoneos*]" = "iPhone Developer";
				COPY_PHASE_STRIP = NO;
				ENABLE_STRICT_OBJC_MSGSEND = YES;
				GCC_C_LANGUAGE_STANDARD = gnu99;
				GCC_DYNAMIC_NO_PIC = NO;
				GCC_OPTIMIZATION_LEVEL = 0;
				GCC_PREPROCESSOR_DEFINITIONS = (
					"DEBUG=1",
					"$(inherited)",
				);
				GCC_SYMBOLS_PRIVATE_EXTERN = NO;
				GCC_WARN_64_TO_32_BIT_CONVERSION = YES;
				GCC_WARN_ABOUT_RETURN_TYPE = YES_ERROR;
				GCC_WARN_UNDECLARED_SELECTOR = YES;
				GCC_WARN_UNINITIALIZED_AUTOS = YES_AGGRESSIVE;
				GCC_WARN_UNUSED_FUNCTION = YES;
				GCC_WARN_UNUSED_VARIABLE = YES;
				IPHONEOS_DEPLOYMENT_TARGET = 8.0;
				MTL_ENABLE_DEBUG_INFO = YES;
				ONLY_ACTIVE_ARCH = YES;
				SDKROOT = iphoneos;
				SWIFT_OPTIMIZATION_LEVEL = "-Onone";
			};
			name = Debug;
		};
		EA7BCBC819C68D9B00854AB1 /* Release */ = {
			isa = XCBuildConfiguration;
			buildSettings = {
				ALWAYS_SEARCH_USER_PATHS = NO;
				CLANG_CXX_LANGUAGE_STANDARD = "gnu++0x";
				CLANG_CXX_LIBRARY = "libc++";
				CLANG_ENABLE_MODULES = YES;
				CLANG_ENABLE_OBJC_ARC = YES;
				CLANG_WARN_BOOL_CONVERSION = YES;
				CLANG_WARN_CONSTANT_CONVERSION = YES;
				CLANG_WARN_DIRECT_OBJC_ISA_USAGE = YES_ERROR;
				CLANG_WARN_EMPTY_BODY = YES;
				CLANG_WARN_ENUM_CONVERSION = YES;
				CLANG_WARN_INT_CONVERSION = YES;
				CLANG_WARN_OBJC_ROOT_CLASS = YES_ERROR;
				CLANG_WARN_UNREACHABLE_CODE = YES;
				CLANG_WARN__DUPLICATE_METHOD_MATCH = YES;
				"CODE_SIGN_IDENTITY[sdk=iphoneos*]" = "iPhone Developer";
				COPY_PHASE_STRIP = YES;
				ENABLE_NS_ASSERTIONS = NO;
				ENABLE_STRICT_OBJC_MSGSEND = YES;
				GCC_C_LANGUAGE_STANDARD = gnu99;
				GCC_WARN_64_TO_32_BIT_CONVERSION = YES;
				GCC_WARN_ABOUT_RETURN_TYPE = YES_ERROR;
				GCC_WARN_UNDECLARED_SELECTOR = YES;
				GCC_WARN_UNINITIALIZED_AUTOS = YES_AGGRESSIVE;
				GCC_WARN_UNUSED_FUNCTION = YES;
				GCC_WARN_UNUSED_VARIABLE = YES;
				IPHONEOS_DEPLOYMENT_TARGET = 8.0;
				MTL_ENABLE_DEBUG_INFO = NO;
				SDKROOT = iphoneos;
				VALIDATE_PRODUCT = YES;
			};
			name = Release;
		};
		EA7BCBCA19C68D9B00854AB1 /* Debug */ = {
			isa = XCBuildConfiguration;
			buildSettings = {
				ASSETCATALOG_COMPILER_APPICON_NAME = AppIcon;
				INFOPLIST_FILE = Contacts/Info.plist;
				LD_RUNPATH_SEARCH_PATHS = "$(inherited) @executable_path/Frameworks";
				PRODUCT_NAME = "$(TARGET_NAME)";
			};
			name = Debug;
		};
		EA7BCBCB19C68D9B00854AB1 /* Release */ = {
			isa = XCBuildConfiguration;
			buildSettings = {
				ASSETCATALOG_COMPILER_APPICON_NAME = AppIcon;
				INFOPLIST_FILE = Contacts/Info.plist;
				LD_RUNPATH_SEARCH_PATHS = "$(inherited) @executable_path/Frameworks";
				PRODUCT_NAME = "$(TARGET_NAME)";
			};
			name = Release;
		};
		EA7BCBCD19C68D9B00854AB1 /* Debug */ = {
			isa = XCBuildConfiguration;
			buildSettings = {
				BUNDLE_LOADER = "$(TEST_HOST)";
				FRAMEWORK_SEARCH_PATHS = (
					"$(SDKROOT)/Developer/Library/Frameworks",
					"$(inherited)",
				);
				GCC_PREPROCESSOR_DEFINITIONS = (
					"DEBUG=1",
					"$(inherited)",
				);
				INFOPLIST_FILE = ContactsTests/Info.plist;
				LD_RUNPATH_SEARCH_PATHS = "$(inherited) @executable_path/Frameworks @loader_path/Frameworks";
				PRODUCT_NAME = "$(TARGET_NAME)";
				TEST_HOST = "$(BUILT_PRODUCTS_DIR)/Contacts.app/Contacts";
			};
			name = Debug;
		};
		EA7BCBCE19C68D9B00854AB1 /* Release */ = {
			isa = XCBuildConfiguration;
			buildSettings = {
				BUNDLE_LOADER = "$(TEST_HOST)";
				FRAMEWORK_SEARCH_PATHS = (
					"$(SDKROOT)/Developer/Library/Frameworks",
					"$(inherited)",
				);
				INFOPLIST_FILE = ContactsTests/Info.plist;
				LD_RUNPATH_SEARCH_PATHS = "$(inherited) @executable_path/Frameworks @loader_path/Frameworks";
				PRODUCT_NAME = "$(TARGET_NAME)";
				TEST_HOST = "$(BUILT_PRODUCTS_DIR)/Contacts.app/Contacts";
			};
			name = Release;
		};
/* End XCBuildConfiguration section */

/* Begin XCConfigurationList section */
		EA7BCBA519C68D9A00854AB1 /* Build configuration list for PBXProject "Contacts" */ = {
			isa = XCConfigurationList;
			buildConfigurations = (
				EA7BCBC719C68D9B00854AB1 /* Debug */,
				EA7BCBC819C68D9B00854AB1 /* Release */,
			);
			defaultConfigurationIsVisible = 0;
			defaultConfigurationName = Release;
		};
		EA7BCBC919C68D9B00854AB1 /* Build configuration list for PBXNativeTarget "Contacts" */ = {
			isa = XCConfigurationList;
			buildConfigurations = (
				EA7BCBCA19C68D9B00854AB1 /* Debug */,
				EA7BCBCB19C68D9B00854AB1 /* Release */,
			);
			defaultConfigurationIsVisible = 0;
		};
		EA7BCBCC19C68D9B00854AB1 /* Build configuration list for PBXNativeTarget "ContactsTests" */ = {
			isa = XCConfigurationList;
			buildConfigurations = (
				EA7BCBCD19C68D9B00854AB1 /* Debug */,
				EA7BCBCE19C68D9B00854AB1 /* Release */,
			);
			defaultConfigurationIsVisible = 0;
		};
/* End XCConfigurationList section */
	};
	rootObject = EA7BCBA219C68D9A00854AB1 /* Project object */;
}
